
Microsoft Visual Studio Solution File, Format Version 12.00
# Visual Studio Version 17
VisualStudioVersion = 17.8.34330.188
MinimumVisualStudioVersion = 10.0.40219.1
Project("{2150E333-8FDC-42A3-9474-1A3956D46DE8}") = "src", "src", "{2DAF952C-CA92-4F32-9401-2B75DF2CEAE0}"
EndProject
Project("{2150E333-8FDC-42A3-9474-1A3956D46DE8}") = "test", "test", "{5DA775E7-8B00-4C4F-A9F1-51CB654ACB44}"
EndProject
Project("{9A19103F-16F7-4668-BE54-9A1E7A4F7556}") = "Eu.Iamia.Invoicing.E-Conomic.Gateway", "src\Eu.Iamia.Invoicing.E-Conomic.Gateway\Eu.Iamia.Invoicing.E-Conomic.Gateway.csproj", "{D8361F2E-24A2-4463-9534-3007A7B922DC}"
EndProject
Project("{9A19103F-16F7-4668-BE54-9A1E7A4F7556}") = "Eu.Iamia.ConfigBase", "src\Eu.Iamia.ConfigBase\Eu.Iamia.ConfigBase.csproj", "{480E6E98-F05C-451B-98E2-2C8F30003485}"
EndProject
Project("{9A19103F-16F7-4668-BE54-9A1E7A4F7556}") = "Eu.Iamia.Invoicing.ConsoleApp", "src\Eu.Iamia.Invoicing.ConsoleApp\Eu.Iamia.Invoicing.ConsoleApp.csproj", "{1FF72DD9-D773-4BA3-9C6A-DCD96A587DEC}"
EndProject
Project("{9A19103F-16F7-4668-BE54-9A1E7A4F7556}") = "Eu.Iamia.Invoicing.Application", "src\Eu.Iamia.Invoicing.Application\Eu.Iamia.Invoicing.Application.csproj", "{A76AFA8B-C580-49A0-AB98-67B68CF2808B}"
EndProject
Global
	GlobalSection(SolutionConfigurationPlatforms) = preSolution
		Debug|Any CPU = Debug|Any CPU
		Release|Any CPU = Release|Any CPU
	EndGlobalSection
	GlobalSection(ProjectConfigurationPlatforms) = postSolution
		{D8361F2E-24A2-4463-9534-3007A7B922DC}.Debug|Any CPU.ActiveCfg = Debug|Any CPU
		{D8361F2E-24A2-4463-9534-3007A7B922DC}.Debug|Any CPU.Build.0 = Debug|Any CPU
		{D8361F2E-24A2-4463-9534-3007A7B922DC}.Release|Any CPU.ActiveCfg = Release|Any CPU
		{D8361F2E-24A2-4463-9534-3007A7B922DC}.Release|Any CPU.Build.0 = Release|Any CPU
		{480E6E98-F05C-451B-98E2-2C8F30003485}.Debug|Any CPU.ActiveCfg = Debug|Any CPU
		{480E6E98-F05C-451B-98E2-2C8F30003485}.Debug|Any CPU.Build.0 = Debug|Any CPU
		{480E6E98-F05C-451B-98E2-2C8F30003485}.Release|Any CPU.ActiveCfg = Release|Any CPU
		{480E6E98-F05C-451B-98E2-2C8F30003485}.Release|Any CPU.Build.0 = Release|Any CPU
		{1FF72DD9-D773-4BA3-9C6A-DCD96A587DEC}.Debug|Any CPU.ActiveCfg = Debug|Any CPU
		{1FF72DD9-D773-4BA3-9C6A-DCD96A587DEC}.Debug|Any CPU.Build.0 = Debug|Any CPU
		{1FF72DD9-D773-4BA3-9C6A-DCD96A587DEC}.Release|Any CPU.ActiveCfg = Release|Any CPU
		{1FF72DD9-D773-4BA3-9C6A-DCD96A587DEC}.Release|Any CPU.Build.0 = Release|Any CPU
		{A76AFA8B-C580-49A0-AB98-67B68CF2808B}.Debug|Any CPU.ActiveCfg = Debug|Any CPU
		{A76AFA8B-C580-49A0-AB98-67B68CF2808B}.Debug|Any CPU.Build.0 = Debug|Any CPU
		{A76AFA8B-C580-49A0-AB98-67B68CF2808B}.Release|Any CPU.ActiveCfg = Release|Any CPU
		{A76AFA8B-C580-49A0-AB98-67B68CF2808B}.Release|Any CPU.Build.0 = Release|Any CPU
	EndGlobalSection
	GlobalSection(SolutionProperties) = preSolution
		HideSolutionNode = FALSE
	EndGlobalSection
	GlobalSection(NestedProjects) = preSolution
		{D8361F2E-24A2-4463-9534-3007A7B922DC} = {2DAF952C-CA92-4F32-9401-2B75DF2CEAE0}
		{480E6E98-F05C-451B-98E2-2C8F30003485} = {2DAF952C-CA92-4F32-9401-2B75DF2CEAE0}
		{1FF72DD9-D773-4BA3-9C6A-DCD96A587DEC} = {2DAF952C-CA92-4F32-9401-2B75DF2CEAE0}
		{A76AFA8B-C580-49A0-AB98-67B68CF2808B} = {2DAF952C-CA92-4F32-9401-2B75DF2CEAE0}
	EndGlobalSection
	GlobalSection(ExtensibilityGlobals) = postSolution
		SolutionGuid = {8DFD028F-A269-4D03-AC4E-9C9305496793}
	EndGlobalSection
EndGlobal
