
Microsoft Visual Studio Solution File, Format Version 12.00
# Visual Studio Version 17
VisualStudioVersion = 17.8.34330.188
MinimumVisualStudioVersion = 10.0.40219.1
Project("{2150E333-8FDC-42A3-9474-1A3956D46DE8}") = "src", "src", "{2DAF952C-CA92-4F32-9401-2B75DF2CEAE0}"
EndProject
Project("{2150E333-8FDC-42A3-9474-1A3956D46DE8}") = "test", "test", "{5DA775E7-8B00-4C4F-A9F1-51CB654ACB44}"
EndProject
Project("{9A19103F-16F7-4668-BE54-9A1E7A4F7556}") = "Eu.Iamia.ConfigBase", "src\Eu.Iamia.ConfigBase\Eu.Iamia.ConfigBase.csproj", "{480E6E98-F05C-451B-98E2-2C8F30003485}"
EndProject
Project("{9A19103F-16F7-4668-BE54-9A1E7A4F7556}") = "Eu.Iamia.Invoicing.ConsoleApp", "src\Eu.Iamia.Invoicing.ConsoleApp\Eu.Iamia.Invoicing.ConsoleApp.csproj", "{1FF72DD9-D773-4BA3-9C6A-DCD96A587DEC}"
EndProject
Project("{9A19103F-16F7-4668-BE54-9A1E7A4F7556}") = "Eu.Iamia.Invoicing.Application", "src\Eu.Iamia.Invoicing.Application\Eu.Iamia.Invoicing.Application.csproj", "{A76AFA8B-C580-49A0-AB98-67B68CF2808B}"
EndProject
Project("{9A19103F-16F7-4668-BE54-9A1E7A4F7556}") = "Eu.Iamia.Invoicing.Loader.Contract", "src\Eu.Iamia.Invoicing.Loader.Contract\Eu.Iamia.Invoicing.Loader.Contract.csproj", "{E63AF25D-7DCE-40B9-A1D8-E3E86FC4F80E}"
EndProject
Project("{9A19103F-16F7-4668-BE54-9A1E7A4F7556}") = "Eu.Iamia.Invoicing.CSVLoader", "src\Eu.Iamia.Invoicing.CSVLoader\Eu.Iamia.Invoicing.CSVLoader.csproj", "{6906E36E-F121-4EEF-BC43-EA23D38D50B4}"
EndProject
Project("{9A19103F-16F7-4668-BE54-9A1E7A4F7556}") = "Eu.Iamia.Invoicing.CSVLoader.UnitTests", "test\Eu.Iamia.Invoicing.CSVLoader.UnitTests\Eu.Iamia.Invoicing.CSVLoader.UnitTests.csproj", "{FB6ED5AF-8319-4A9D-8ED2-42ED47825D1B}"
EndProject
Project("{9A19103F-16F7-4668-BE54-9A1E7A4F7556}") = "Eu.Iamia.Invoicing.E_ConomicGateway.UnitTests", "test\Eu.Iamia.Invoicing.E-ConomicGateway.UnitTests\Eu.Iamia.Invoicing.E_ConomicGateway.UnitTests.csproj", "{38ABA3CE-0AED-4EBF-B602-522B159B24D0}"
EndProject
Project("{9A19103F-16F7-4668-BE54-9A1E7A4F7556}") = "Eu.Iamia.Reporting", "src\Eu.Iamia.Reporting\Eu.Iamia.Reporting.csproj", "{DC054E87-81C7-44AC-844F-A9C122BF1E5D}"
EndProject
Project("{9A19103F-16F7-4668-BE54-9A1E7A4F7556}") = "Eu.Iamia.Reporting.Contract", "src\Eu.Iamia.Reporting.Contract\Eu.Iamia.Reporting.Contract.csproj", "{FFB591B7-35FF-4A5F-AD9C-76B2B07FB58A}"
EndProject
Project("{9A19103F-16F7-4668-BE54-9A1E7A4F7556}") = "Eu.Iamia.Reporting.IntegrationTests", "test\Eu.Iamia.Reporting.IntegrationTests\Eu.Iamia.Reporting.IntegrationTests.csproj", "{6CD5DBE4-4000-4072-AB64-60716AB2BE95}"
EndProject
Project("{9A19103F-16F7-4668-BE54-9A1E7A4F7556}") = "Eu.Iamia.Utils", "src\Eu.Iamia.Utils\Eu.Iamia.Utils.csproj", "{AD287782-022B-4EEE-A4CC-98823DC0C5D4}"
EndProject
Project("{9A19103F-16F7-4668-BE54-9A1E7A4F7556}") = "Eu.Iamia.Utils.UnitTests", "test\Eu.Iamia.Utils.UnitTests\Eu.Iamia.Utils.UnitTests.csproj", "{538FE921-2D2C-4FF6-A47F-C82C48F8DFBF}"
EndProject
Project("{9A19103F-16F7-4668-BE54-9A1E7A4F7556}") = "Eu.Iamia.Utils.Contract", "src\Eu.Iamia.Utils.Contract\Eu.Iamia.Utils.Contract.csproj", "{ECC20C6F-90CD-4F0F-9896-FC0D92CF7369}"
EndProject
Project("{9A19103F-16F7-4668-BE54-9A1E7A4F7556}") = "Eu.Iamia.Invoicing.E-Conomic.RestApiGateway", "src\Eu.Iamia.Invoicing.E-Conomic.RestApiGateway\Eu.Iamia.Invoicing.E-Conomic.RestApiGateway.csproj", "{CFF16577-A6A0-498F-9AFF-EFE2A91898AF}"
EndProject
Project("{9A19103F-16F7-4668-BE54-9A1E7A4F7556}") = "Eu.Iamia.Invoicing.E-Conomic.RestApiGateway.Contract", "src\Eu.Iamia.Invoicing.E-Conomic.RestApiGateway.Contract\Eu.Iamia.Invoicing.E-Conomic.RestApiGateway.Contract.csproj", "{D44DAC44-9496-43C0-9268-807842D32A21}"
EndProject
Project("{9A19103F-16F7-4668-BE54-9A1E7A4F7556}") = "Eu.Iamia.Invoicing.E_Conomic.RestApiGateway.IntegrationTests", "test\Eu.Iamia.Invoicing.E-Conomic.RestApiGateway.IntegrationTests\Eu.Iamia.Invoicing.E_Conomic.RestApiGateway.IntegrationTests.csproj", "{59B39E63-B2CA-4FA7-B4C9-397E3CA0CAB9}"
EndProject
Project("{9A19103F-16F7-4668-BE54-9A1E7A4F7556}") = "Eu.Iamia.Invoicing.Application.UnitTests", "test\Eu.Iamia.Invoicing.Application.UnitTests\Eu.Iamia.Invoicing.Application.UnitTests.csproj", "{2AE37A79-4412-442F-8EBE-373F785AE1CB}"
EndProject
Project("{9A19103F-16F7-4668-BE54-9A1E7A4F7556}") = "Eu.Iamia.Invoicing.Application.Contract", "src\Eu.Iamia.Invoicing.Application.Contract\Eu.Iamia.Invoicing.Application.Contract.csproj", "{17B1AD1E-6747-4539-B434-81A21090333D}"
EndProject
Project("{9A19103F-16F7-4668-BE54-9A1E7A4F7556}") = "Eu.Iamia.Invoicing.E-Conomic.Gateway.V2", "src\Eu.Iamia.Invoicing.E-Conomic.Gateway.V2\Eu.Iamia.Invoicing.E-Conomic.Gateway.V2.csproj", "{34336B0E-E652-4831-930A-337802752611}"
EndProject
Project("{9A19103F-16F7-4668-BE54-9A1E7A4F7556}") = "Eu.Iamia.Invoicing.Mapping", "src\Eu.Iamia.Invoicing.Mapping\Eu.Iamia.Invoicing.Mapping.csproj", "{FAB8C538-83D7-4827-B97C-A51BFB2F613D}"
EndProject
Project("{9A19103F-16F7-4668-BE54-9A1E7A4F7556}") = "Eu.Iamia.Invoicing.E-Conomic.Gateway.V2.Contract", "src\Eu.Iamia.Invoicing.E-Conomic.Gateway.V2.Contract\Eu.Iamia.Invoicing.E-Conomic.Gateway.V2.Contract.csproj", "{679AD7D8-A72E-4103-A429-78E3C3F55E58}"
EndProject
Project("{9A19103F-16F7-4668-BE54-9A1E7A4F7556}") = "Eu.Iamia.Invoicing.Mapping.IntegrationTests", "test\Eu.Iamia.Invoicing.Mappint.IntegrationTests\Eu.Iamia.Invoicing.Mapping.IntegrationTests.csproj", "{B0720C96-6308-4F3D-91C8-DCEB93D05D5E}"
EndProject
Project("{9A19103F-16F7-4668-BE54-9A1E7A4F7556}") = "Eu.Iamia.Invoicing.E-Conomic.Gateway.V2.IntegrationTests", "test\Eu.Iamia.Invoicing.E-Conomic.Gateway.V2.IntegrationTests\Eu.Iamia.Invoicing.E-Conomic.Gateway.V2.IntegrationTests.csproj", "{2230E93B-81EA-4D36-A25F-0E1D677521A3}"
EndProject
Project("{FAE04EC0-301F-11D3-BF4B-00C04F79EFBC}") = "Eu.Iamia.Invoicing.E_Conomic.RestApiGateway.TestEnv.IntegrationTests", "test\Eu.Iamia.Invoicing.E_Conomic.RestApiGateway.TestEnv.IntegrationTests\Eu.Iamia.Invoicing.E_Conomic.RestApiGateway.TestEnv.IntegrationTests.csproj", "{B2C24AFA-9283-43A3-AB90-0DFB955A1132}"
EndProject
Project("{2150E333-8FDC-42A3-9474-1A3956D46DE8}") = "Solution Items", "Solution Items", "{8EC462FD-D22E-90A8-E5CE-7E832BA40C5D}"
	ProjectSection(SolutionItems) = preProject
		Gateway.mdpuml = Gateway.mdpuml
		Mapping.mdpuml = Mapping.mdpuml
		Overwiew.mdpuml = Overwiew.mdpuml
		OverwiewV2.mdpuml = OverwiewV2.mdpuml
	EndProjectSection
EndProject
Global
	GlobalSection(SolutionConfigurationPlatforms) = preSolution
		Debug|Any CPU = Debug|Any CPU
		Release|Any CPU = Release|Any CPU
	EndGlobalSection
	GlobalSection(ProjectConfigurationPlatforms) = postSolution
		{480E6E98-F05C-451B-98E2-2C8F30003485}.Debug|Any CPU.ActiveCfg = Debug|Any CPU
		{480E6E98-F05C-451B-98E2-2C8F30003485}.Debug|Any CPU.Build.0 = Debug|Any CPU
		{480E6E98-F05C-451B-98E2-2C8F30003485}.Release|Any CPU.ActiveCfg = Release|Any CPU
		{480E6E98-F05C-451B-98E2-2C8F30003485}.Release|Any CPU.Build.0 = Release|Any CPU
		{1FF72DD9-D773-4BA3-9C6A-DCD96A587DEC}.Debug|Any CPU.ActiveCfg = Debug|Any CPU
		{1FF72DD9-D773-4BA3-9C6A-DCD96A587DEC}.Debug|Any CPU.Build.0 = Debug|Any CPU
		{1FF72DD9-D773-4BA3-9C6A-DCD96A587DEC}.Release|Any CPU.ActiveCfg = Release|Any CPU
		{1FF72DD9-D773-4BA3-9C6A-DCD96A587DEC}.Release|Any CPU.Build.0 = Release|Any CPU
		{A76AFA8B-C580-49A0-AB98-67B68CF2808B}.Debug|Any CPU.ActiveCfg = Debug|Any CPU
		{A76AFA8B-C580-49A0-AB98-67B68CF2808B}.Debug|Any CPU.Build.0 = Debug|Any CPU
		{A76AFA8B-C580-49A0-AB98-67B68CF2808B}.Release|Any CPU.ActiveCfg = Release|Any CPU
		{A76AFA8B-C580-49A0-AB98-67B68CF2808B}.Release|Any CPU.Build.0 = Release|Any CPU
		{E63AF25D-7DCE-40B9-A1D8-E3E86FC4F80E}.Debug|Any CPU.ActiveCfg = Debug|Any CPU
		{E63AF25D-7DCE-40B9-A1D8-E3E86FC4F80E}.Debug|Any CPU.Build.0 = Debug|Any CPU
		{E63AF25D-7DCE-40B9-A1D8-E3E86FC4F80E}.Release|Any CPU.ActiveCfg = Release|Any CPU
		{E63AF25D-7DCE-40B9-A1D8-E3E86FC4F80E}.Release|Any CPU.Build.0 = Release|Any CPU
		{6906E36E-F121-4EEF-BC43-EA23D38D50B4}.Debug|Any CPU.ActiveCfg = Debug|Any CPU
		{6906E36E-F121-4EEF-BC43-EA23D38D50B4}.Debug|Any CPU.Build.0 = Debug|Any CPU
		{6906E36E-F121-4EEF-BC43-EA23D38D50B4}.Release|Any CPU.ActiveCfg = Release|Any CPU
		{6906E36E-F121-4EEF-BC43-EA23D38D50B4}.Release|Any CPU.Build.0 = Release|Any CPU
		{FB6ED5AF-8319-4A9D-8ED2-42ED47825D1B}.Debug|Any CPU.ActiveCfg = Debug|Any CPU
		{FB6ED5AF-8319-4A9D-8ED2-42ED47825D1B}.Debug|Any CPU.Build.0 = Debug|Any CPU
		{FB6ED5AF-8319-4A9D-8ED2-42ED47825D1B}.Release|Any CPU.ActiveCfg = Release|Any CPU
		{FB6ED5AF-8319-4A9D-8ED2-42ED47825D1B}.Release|Any CPU.Build.0 = Release|Any CPU
		{38ABA3CE-0AED-4EBF-B602-522B159B24D0}.Debug|Any CPU.ActiveCfg = Debug|Any CPU
		{38ABA3CE-0AED-4EBF-B602-522B159B24D0}.Debug|Any CPU.Build.0 = Debug|Any CPU
		{38ABA3CE-0AED-4EBF-B602-522B159B24D0}.Release|Any CPU.ActiveCfg = Release|Any CPU
		{38ABA3CE-0AED-4EBF-B602-522B159B24D0}.Release|Any CPU.Build.0 = Release|Any CPU
		{DC054E87-81C7-44AC-844F-A9C122BF1E5D}.Debug|Any CPU.ActiveCfg = Debug|Any CPU
		{DC054E87-81C7-44AC-844F-A9C122BF1E5D}.Debug|Any CPU.Build.0 = Debug|Any CPU
		{DC054E87-81C7-44AC-844F-A9C122BF1E5D}.Release|Any CPU.ActiveCfg = Release|Any CPU
		{DC054E87-81C7-44AC-844F-A9C122BF1E5D}.Release|Any CPU.Build.0 = Release|Any CPU
		{FFB591B7-35FF-4A5F-AD9C-76B2B07FB58A}.Debug|Any CPU.ActiveCfg = Debug|Any CPU
		{FFB591B7-35FF-4A5F-AD9C-76B2B07FB58A}.Debug|Any CPU.Build.0 = Debug|Any CPU
		{FFB591B7-35FF-4A5F-AD9C-76B2B07FB58A}.Release|Any CPU.ActiveCfg = Release|Any CPU
		{FFB591B7-35FF-4A5F-AD9C-76B2B07FB58A}.Release|Any CPU.Build.0 = Release|Any CPU
		{6CD5DBE4-4000-4072-AB64-60716AB2BE95}.Debug|Any CPU.ActiveCfg = Debug|Any CPU
		{6CD5DBE4-4000-4072-AB64-60716AB2BE95}.Debug|Any CPU.Build.0 = Debug|Any CPU
		{6CD5DBE4-4000-4072-AB64-60716AB2BE95}.Release|Any CPU.ActiveCfg = Release|Any CPU
		{6CD5DBE4-4000-4072-AB64-60716AB2BE95}.Release|Any CPU.Build.0 = Release|Any CPU
		{AD287782-022B-4EEE-A4CC-98823DC0C5D4}.Debug|Any CPU.ActiveCfg = Debug|Any CPU
		{AD287782-022B-4EEE-A4CC-98823DC0C5D4}.Debug|Any CPU.Build.0 = Debug|Any CPU
		{AD287782-022B-4EEE-A4CC-98823DC0C5D4}.Release|Any CPU.ActiveCfg = Release|Any CPU
		{AD287782-022B-4EEE-A4CC-98823DC0C5D4}.Release|Any CPU.Build.0 = Release|Any CPU
		{538FE921-2D2C-4FF6-A47F-C82C48F8DFBF}.Debug|Any CPU.ActiveCfg = Debug|Any CPU
		{538FE921-2D2C-4FF6-A47F-C82C48F8DFBF}.Debug|Any CPU.Build.0 = Debug|Any CPU
		{538FE921-2D2C-4FF6-A47F-C82C48F8DFBF}.Release|Any CPU.ActiveCfg = Release|Any CPU
		{538FE921-2D2C-4FF6-A47F-C82C48F8DFBF}.Release|Any CPU.Build.0 = Release|Any CPU
		{ECC20C6F-90CD-4F0F-9896-FC0D92CF7369}.Debug|Any CPU.ActiveCfg = Debug|Any CPU
		{ECC20C6F-90CD-4F0F-9896-FC0D92CF7369}.Debug|Any CPU.Build.0 = Debug|Any CPU
		{ECC20C6F-90CD-4F0F-9896-FC0D92CF7369}.Release|Any CPU.ActiveCfg = Release|Any CPU
		{ECC20C6F-90CD-4F0F-9896-FC0D92CF7369}.Release|Any CPU.Build.0 = Release|Any CPU
		{CFF16577-A6A0-498F-9AFF-EFE2A91898AF}.Debug|Any CPU.ActiveCfg = Debug|Any CPU
		{CFF16577-A6A0-498F-9AFF-EFE2A91898AF}.Debug|Any CPU.Build.0 = Debug|Any CPU
		{CFF16577-A6A0-498F-9AFF-EFE2A91898AF}.Release|Any CPU.ActiveCfg = Release|Any CPU
		{CFF16577-A6A0-498F-9AFF-EFE2A91898AF}.Release|Any CPU.Build.0 = Release|Any CPU
		{D44DAC44-9496-43C0-9268-807842D32A21}.Debug|Any CPU.ActiveCfg = Debug|Any CPU
		{D44DAC44-9496-43C0-9268-807842D32A21}.Debug|Any CPU.Build.0 = Debug|Any CPU
		{D44DAC44-9496-43C0-9268-807842D32A21}.Release|Any CPU.ActiveCfg = Release|Any CPU
		{D44DAC44-9496-43C0-9268-807842D32A21}.Release|Any CPU.Build.0 = Release|Any CPU
		{59B39E63-B2CA-4FA7-B4C9-397E3CA0CAB9}.Debug|Any CPU.ActiveCfg = Debug|Any CPU
		{59B39E63-B2CA-4FA7-B4C9-397E3CA0CAB9}.Debug|Any CPU.Build.0 = Debug|Any CPU
		{59B39E63-B2CA-4FA7-B4C9-397E3CA0CAB9}.Release|Any CPU.ActiveCfg = Release|Any CPU
		{59B39E63-B2CA-4FA7-B4C9-397E3CA0CAB9}.Release|Any CPU.Build.0 = Release|Any CPU
		{2AE37A79-4412-442F-8EBE-373F785AE1CB}.Debug|Any CPU.ActiveCfg = Debug|Any CPU
		{2AE37A79-4412-442F-8EBE-373F785AE1CB}.Debug|Any CPU.Build.0 = Debug|Any CPU
		{2AE37A79-4412-442F-8EBE-373F785AE1CB}.Release|Any CPU.ActiveCfg = Release|Any CPU
		{2AE37A79-4412-442F-8EBE-373F785AE1CB}.Release|Any CPU.Build.0 = Release|Any CPU
		{17B1AD1E-6747-4539-B434-81A21090333D}.Debug|Any CPU.ActiveCfg = Debug|Any CPU
		{17B1AD1E-6747-4539-B434-81A21090333D}.Debug|Any CPU.Build.0 = Debug|Any CPU
		{17B1AD1E-6747-4539-B434-81A21090333D}.Release|Any CPU.ActiveCfg = Release|Any CPU
		{17B1AD1E-6747-4539-B434-81A21090333D}.Release|Any CPU.Build.0 = Release|Any CPU
		{34336B0E-E652-4831-930A-337802752611}.Debug|Any CPU.ActiveCfg = Debug|Any CPU
		{34336B0E-E652-4831-930A-337802752611}.Debug|Any CPU.Build.0 = Debug|Any CPU
		{34336B0E-E652-4831-930A-337802752611}.Release|Any CPU.ActiveCfg = Release|Any CPU
		{34336B0E-E652-4831-930A-337802752611}.Release|Any CPU.Build.0 = Release|Any CPU
		{FAB8C538-83D7-4827-B97C-A51BFB2F613D}.Debug|Any CPU.ActiveCfg = Debug|Any CPU
		{FAB8C538-83D7-4827-B97C-A51BFB2F613D}.Debug|Any CPU.Build.0 = Debug|Any CPU
		{FAB8C538-83D7-4827-B97C-A51BFB2F613D}.Release|Any CPU.ActiveCfg = Release|Any CPU
		{FAB8C538-83D7-4827-B97C-A51BFB2F613D}.Release|Any CPU.Build.0 = Release|Any CPU
		{679AD7D8-A72E-4103-A429-78E3C3F55E58}.Debug|Any CPU.ActiveCfg = Debug|Any CPU
		{679AD7D8-A72E-4103-A429-78E3C3F55E58}.Debug|Any CPU.Build.0 = Debug|Any CPU
		{679AD7D8-A72E-4103-A429-78E3C3F55E58}.Release|Any CPU.ActiveCfg = Release|Any CPU
		{679AD7D8-A72E-4103-A429-78E3C3F55E58}.Release|Any CPU.Build.0 = Release|Any CPU
		{B0720C96-6308-4F3D-91C8-DCEB93D05D5E}.Debug|Any CPU.ActiveCfg = Debug|Any CPU
		{B0720C96-6308-4F3D-91C8-DCEB93D05D5E}.Debug|Any CPU.Build.0 = Debug|Any CPU
		{B0720C96-6308-4F3D-91C8-DCEB93D05D5E}.Release|Any CPU.ActiveCfg = Release|Any CPU
		{B0720C96-6308-4F3D-91C8-DCEB93D05D5E}.Release|Any CPU.Build.0 = Release|Any CPU
		{2230E93B-81EA-4D36-A25F-0E1D677521A3}.Debug|Any CPU.ActiveCfg = Debug|Any CPU
		{2230E93B-81EA-4D36-A25F-0E1D677521A3}.Debug|Any CPU.Build.0 = Debug|Any CPU
		{2230E93B-81EA-4D36-A25F-0E1D677521A3}.Release|Any CPU.ActiveCfg = Release|Any CPU
		{2230E93B-81EA-4D36-A25F-0E1D677521A3}.Release|Any CPU.Build.0 = Release|Any CPU
		{B2C24AFA-9283-43A3-AB90-0DFB955A1132}.Debug|Any CPU.ActiveCfg = Debug|Any CPU
		{B2C24AFA-9283-43A3-AB90-0DFB955A1132}.Debug|Any CPU.Build.0 = Debug|Any CPU
		{B2C24AFA-9283-43A3-AB90-0DFB955A1132}.Release|Any CPU.ActiveCfg = Release|Any CPU
		{B2C24AFA-9283-43A3-AB90-0DFB955A1132}.Release|Any CPU.Build.0 = Release|Any CPU
	EndGlobalSection
	GlobalSection(SolutionProperties) = preSolution
		HideSolutionNode = FALSE
	EndGlobalSection
	GlobalSection(NestedProjects) = preSolution
		{480E6E98-F05C-451B-98E2-2C8F30003485} = {2DAF952C-CA92-4F32-9401-2B75DF2CEAE0}
		{1FF72DD9-D773-4BA3-9C6A-DCD96A587DEC} = {2DAF952C-CA92-4F32-9401-2B75DF2CEAE0}
		{A76AFA8B-C580-49A0-AB98-67B68CF2808B} = {2DAF952C-CA92-4F32-9401-2B75DF2CEAE0}
		{E63AF25D-7DCE-40B9-A1D8-E3E86FC4F80E} = {2DAF952C-CA92-4F32-9401-2B75DF2CEAE0}
		{6906E36E-F121-4EEF-BC43-EA23D38D50B4} = {2DAF952C-CA92-4F32-9401-2B75DF2CEAE0}
		{FB6ED5AF-8319-4A9D-8ED2-42ED47825D1B} = {5DA775E7-8B00-4C4F-A9F1-51CB654ACB44}
		{38ABA3CE-0AED-4EBF-B602-522B159B24D0} = {5DA775E7-8B00-4C4F-A9F1-51CB654ACB44}
		{DC054E87-81C7-44AC-844F-A9C122BF1E5D} = {2DAF952C-CA92-4F32-9401-2B75DF2CEAE0}
		{FFB591B7-35FF-4A5F-AD9C-76B2B07FB58A} = {2DAF952C-CA92-4F32-9401-2B75DF2CEAE0}
		{6CD5DBE4-4000-4072-AB64-60716AB2BE95} = {5DA775E7-8B00-4C4F-A9F1-51CB654ACB44}
		{AD287782-022B-4EEE-A4CC-98823DC0C5D4} = {2DAF952C-CA92-4F32-9401-2B75DF2CEAE0}
		{538FE921-2D2C-4FF6-A47F-C82C48F8DFBF} = {5DA775E7-8B00-4C4F-A9F1-51CB654ACB44}
		{ECC20C6F-90CD-4F0F-9896-FC0D92CF7369} = {2DAF952C-CA92-4F32-9401-2B75DF2CEAE0}
		{CFF16577-A6A0-498F-9AFF-EFE2A91898AF} = {2DAF952C-CA92-4F32-9401-2B75DF2CEAE0}
		{D44DAC44-9496-43C0-9268-807842D32A21} = {2DAF952C-CA92-4F32-9401-2B75DF2CEAE0}
		{59B39E63-B2CA-4FA7-B4C9-397E3CA0CAB9} = {5DA775E7-8B00-4C4F-A9F1-51CB654ACB44}
		{2AE37A79-4412-442F-8EBE-373F785AE1CB} = {5DA775E7-8B00-4C4F-A9F1-51CB654ACB44}
		{17B1AD1E-6747-4539-B434-81A21090333D} = {2DAF952C-CA92-4F32-9401-2B75DF2CEAE0}
		{34336B0E-E652-4831-930A-337802752611} = {2DAF952C-CA92-4F32-9401-2B75DF2CEAE0}
		{FAB8C538-83D7-4827-B97C-A51BFB2F613D} = {2DAF952C-CA92-4F32-9401-2B75DF2CEAE0}
		{679AD7D8-A72E-4103-A429-78E3C3F55E58} = {2DAF952C-CA92-4F32-9401-2B75DF2CEAE0}
		{B0720C96-6308-4F3D-91C8-DCEB93D05D5E} = {5DA775E7-8B00-4C4F-A9F1-51CB654ACB44}
		{2230E93B-81EA-4D36-A25F-0E1D677521A3} = {5DA775E7-8B00-4C4F-A9F1-51CB654ACB44}
		{B2C24AFA-9283-43A3-AB90-0DFB955A1132} = {5DA775E7-8B00-4C4F-A9F1-51CB654ACB44}
	EndGlobalSection
	GlobalSection(ExtensibilityGlobals) = postSolution
		SolutionGuid = {8DFD028F-A269-4D03-AC4E-9C9305496793}
	EndGlobalSection
EndGlobal
